// !$*UTF8*$!
{
	archiveVersion = 1;
	classes = {
	};
	objectVersion = 46;
	objects = {

/* Begin PBXBuildFile section */
		DC808D561C6490EA007AF0DD /* main.m in Sources */ = {isa = PBXBuildFile; fileRef = DC808D551C6490EA007AF0DD /* main.m */; };
		DC808D591C6490EA007AF0DD /* AppDelegate.m in Sources */ = {isa = PBXBuildFile; fileRef = DC808D581C6490EA007AF0DD /* AppDelegate.m */; };
		DC808D5C1C6490EA007AF0DD /* ViewController.m in Sources */ = {isa = PBXBuildFile; fileRef = DC808D5B1C6490EA007AF0DD /* ViewController.m */; };
		DC808D5F1C6490EA007AF0DD /* Main.storyboard in Resources */ = {isa = PBXBuildFile; fileRef = DC808D5D1C6490EA007AF0DD /* Main.storyboard */; };
		DC808D611C6490EA007AF0DD /* Assets.xcassets in Resources */ = {isa = PBXBuildFile; fileRef = DC808D601C6490EA007AF0DD /* Assets.xcassets */; };
		DC808D641C6490EA007AF0DD /* LaunchScreen.storyboard in Resources */ = {isa = PBXBuildFile; fileRef = DC808D621C6490EA007AF0DD /* LaunchScreen.storyboard */; };
/* End PBXBuildFile section */

/* Begin PBXFileReference section */
		DC808D511C6490EA007AF0DD /* tapperExtremeObjectiveC.app */ = {isa = PBXFileReference; explicitFileType = wrapper.application; includeInIndex = 0; path = tapperExtremeObjectiveC.app; sourceTree = BUILT_PRODUCTS_DIR; };
		DC808D551C6490EA007AF0DD /* main.m */ = {isa = PBXFileReference; lastKnownFileType = sourcecode.c.objc; path = main.m; sourceTree = "<group>"; };
		DC808D571C6490EA007AF0DD /* AppDelegate.h */ = {isa = PBXFileReference; lastKnownFileType = sourcecode.c.h; path = AppDelegate.h; sourceTree = "<group>"; };
		DC808D581C6490EA007AF0DD /* AppDelegate.m */ = {isa = PBXFileReference; lastKnownFileType = sourcecode.c.objc; path = AppDelegate.m; sourceTree = "<group>"; };
		DC808D5A1C6490EA007AF0DD /* ViewController.h */ = {isa = PBXFileReference; lastKnownFileType = sourcecode.c.h; path = ViewController.h; sourceTree = "<group>"; };
		DC808D5B1C6490EA007AF0DD /* ViewController.m */ = {isa = PBXFileReference; lastKnownFileType = sourcecode.c.objc; path = ViewController.m; sourceTree = "<group>"; };
		DC808D5E1C6490EA007AF0DD /* Base */ = {isa = PBXFileReference; lastKnownFileType = file.storyboard; name = Base; path = Base.lproj/Main.storyboard; sourceTree = "<group>"; };
		DC808D601C6490EA007AF0DD /* Assets.xcassets */ = {isa = PBXFileReference; lastKnownFileType = folder.assetcatalog; path = Assets.xcassets; sourceTree = "<group>"; };
		DC808D631C6490EA007AF0DD /* Base */ = {isa = PBXFileReference; lastKnownFileType = file.storyboard; name = Base; path = Base.lproj/LaunchScreen.storyboard; sourceTree = "<group>"; };
		DC808D651C6490EA007AF0DD /* Info.plist */ = {isa = PBXFileReference; lastKnownFileType = text.plist.xml; path = Info.plist; sourceTree = "<group>"; };
/* End PBXFileReference section */

/* Begin PBXFrameworksBuildPhase section */
		DC808D4E1C6490EA007AF0DD /* Frameworks */ = {
			isa = PBXFrameworksBuildPhase;
			buildActionMask = 2147483647;
			files = (
			);
			runOnlyForDeploymentPostprocessing = 0;
		};
/* End PBXFrameworksBuildPhase section */

/* Begin PBXGroup section */
		DC808D481C6490EA007AF0DD = {
			isa = PBXGroup;
			children = (
				DC808D531C6490EA007AF0DD /* tapperExtremeObjectiveC */,
				DC808D521C6490EA007AF0DD /* Products */,
			);
			sourceTree = "<group>";
		};
		DC808D521C6490EA007AF0DD /* Products */ = {
			isa = PBXGroup;
			children = (
				DC808D511C6490EA007AF0DD /* tapperExtremeObjectiveC.app */,
			);
			name = Products;
			sourceTree = "<group>";
		};
		DC808D531C6490EA007AF0DD /* tapperExtremeObjectiveC */ = {
			isa = PBXGroup;
			children = (
				DC808D571C6490EA007AF0DD /* AppDelegate.h */,
				DC808D581C6490EA007AF0DD /* AppDelegate.m */,
				DC808D5A1C6490EA007AF0DD /* ViewController.h */,
				DC808D5B1C6490EA007AF0DD /* ViewController.m */,
				DC808D5D1C6490EA007AF0DD /* Main.storyboard */,
				DC808D601C6490EA007AF0DD /* Assets.xcassets */,
				DC808D621C6490EA007AF0DD /* LaunchScreen.storyboard */,
				DC808D651C6490EA007AF0DD /* Info.plist */,
				DC808D541C6490EA007AF0DD /* Supporting Files */,
			);
			path = tapperExtremeObjectiveC;
			sourceTree = "<group>";
		};
		DC808D541C6490EA007AF0DD /* Supporting Files */ = {
			isa = PBXGroup;
			children = (
				DC808D551C6490EA007AF0DD /* main.m */,
			);
			name = "Supporting Files";
			sourceTree = "<group>";
		};
/* End PBXGroup section */

/* Begin PBXNativeTarget section */
		DC808D501C6490EA007AF0DD /* tapperExtremeObjectiveC */ = {
			isa = PBXNativeTarget;
			buildConfigurationList = DC808D681C6490EA007AF0DD /* Build configuration list for PBXNativeTarget "tapperExtremeObjectiveC" */;
			buildPhases = (
				DC808D4D1C6490EA007AF0DD /* Sources */,
				DC808D4E1C6490EA007AF0DD /* Frameworks */,
				DC808D4F1C6490EA007AF0DD /* Resources */,
			);
			buildRules = (
			);
			dependencies = (
			);
			name = tapperExtremeObjectiveC;
			productName = tapperExtremeObjectiveC;
			productReference = DC808D511C6490EA007AF0DD /* tapperExtremeObjectiveC.app */;
			productType = "com.apple.product-type.application";
		};
/* End PBXNativeTarget section */

/* Begin PBXProject section */
		DC808D491C6490EA007AF0DD /* Project object */ = {
			isa = PBXProject;
			attributes = {
				LastUpgradeCheck = 0720;
				ORGANIZATIONNAME = Kersuzan;
				TargetAttributes = {
					DC808D501C6490EA007AF0DD = {
						CreatedOnToolsVersion = 7.2;
					};
				};
			};
			buildConfigurationList = DC808D4C1C6490EA007AF0DD /* Build configuration list for PBXProject "tapperExtremeObjectiveC" */;
			compatibilityVersion = "Xcode 3.2";
			developmentRegion = English;
			hasScannedForEncodings = 0;
			knownRegions = (
				en,
				Base,
			);
			mainGroup = DC808D481C6490EA007AF0DD;
			productRefGroup = DC808D521C6490EA007AF0DD /* Products */;
			projectDirPath = "";
			projectRoot = "";
			targets = (
				DC808D501C6490EA007AF0DD /* tapperExtremeObjectiveC */,
			);
		};
/* End PBXProject section */

/* Begin PBXResourcesBuildPhase section */
		DC808D4F1C6490EA007AF0DD /* Resources */ = {
			isa = PBXResourcesBuildPhase;
			buildActionMask = 2147483647;
			files = (
				DC808D641C6490EA007AF0DD /* LaunchScreen.storyboard in Resources */,
				DC808D611C6490EA007AF0DD /* Assets.xcassets in Resources */,
				DC808D5F1C6490EA007AF0DD /* Main.storyboard in Resources */,
			);
			runOnlyForDeploymentPostprocessing = 0;
		};
/* End PBXResourcesBuildPhase section */

/* Begin PBXSourcesBuildPhase section */
		DC808D4D1C6490EA007AF0DD /* Sources */ = {
			isa = PBXSourcesBuildPhase;
			buildActionMask = 2147483647;
			files = (
				DC808D5C1C6490EA007AF0DD /* ViewController.m in Sources */,
				DC808D591C6490EA007AF0DD /* AppDelegate.m in Sources */,
				DC808D561C6490EA007AF0DD /* main.m in Sources */,
			);
			runOnlyForDeploymentPostprocessing = 0;
		};
/* End PBXSourcesBuildPhase section */

/* Begin PBXVariantGroup section */
		DC808D5D1C6490EA007AF0DD /* Main.storyboard */ = {
			isa = PBXVariantGroup;
			children = (
				DC808D5E1C6490EA007AF0DD /* Base */,
			);
			name = Main.storyboard;
			sourceTree = "<group>";
		};
		DC808D621C6490EA007AF0DD /* LaunchScreen.storyboard */ = {
			isa = PBXVariantGroup;
			children = (
				DC808D631C6490EA007AF0DD /* Base */,
			);
			name = LaunchScreen.storyboard;
			sourceTree = "<group>";
		};
/* End PBXVariantGroup section */

/* Begin XCBuildConfiguration section */
		DC808D661C6490EA007AF0DD /* Debug */ = {
			isa = XCBuildConfiguration;
			buildSettings = {
				ALWAYS_SEARCH_USER_PATHS = NO;
				CLANG_CXX_LANGUAGE_STANDARD = "gnu++0x";
				CLANG_CXX_LIBRARY = "libc++";
				CLANG_ENABLE_MODULES = YES;
				CLANG_ENABLE_OBJC_ARC = YES;
				CLANG_WARN_BOOL_CONVERSION = YES;
				CLANG_WARN_CONSTANT_CONVERSION = YES;
				CLANG_WARN_DIRECT_OBJC_ISA_USAGE = YES_ERROR;
				CLANG_WARN_EMPTY_BODY = YES;
				CLANG_WARN_ENUM_CONVERSION = YES;
				CLANG_WARN_INT_CONVERSION = YES;
				CLANG_WARN_OBJC_ROOT_CLASS = YES_ERROR;
				CLANG_WARN_UNREACHABLE_CODE = YES;
				CLANG_WARN__DUPLICATE_METHOD_MATCH = YES;
				"CODE_SIGN_IDENTITY[sdk=iphoneos*]" = "iPhone Developer";
				COPY_PHASE_STRIP = NO;
				DEBUG_INFORMATION_FORMAT = dwarf;
				ENABLE_STRICT_OBJC_MSGSEND = YES;
				ENABLE_TESTABILITY = YES;
				GCC_C_LANGUAGE_STANDARD = gnu99;
				GCC_DYNAMIC_NO_PIC = NO;
				GCC_NO_COMMON_BLOCKS = YES;
				GCC_OPTIMIZATION_LEVEL = 0;
				GCC_PREPROCESSOR_DEFINITIONS = (
					"DEBUG=1",
					"$(inherited)",
				);
				GCC_WARN_64_TO_32_BIT_CONVERSION = YES;
				GCC_WARN_ABOUT_RETURN_TYPE = YES_ERROR;
				GCC_WARN_UNDECLARED_SELECTOR = YES;
				GCC_WARN_UNINITIALIZED_AUTOS = YES_AGGRESSIVE;
				GCC_WARN_UNUSED_FUNCTION = YES;
				GCC_WARN_UNUSED_VARIABLE = YES;
				IPHONEOS_DEPLOYMENT_TARGET = 9.2;
				MTL_ENABLE_DEBUG_INFO = YES;
				ONLY_ACTIVE_ARCH = YES;
				SDKROOT = iphoneos;
				TARGETED_DEVICE_FAMILY = "1,2";
			};
			name = Debug;
		};
		DC808D671C6490EA007AF0DD /* Release */ = {
			isa = XCBuildConfiguration;
			buildSettings = {
				ALWAYS_SEARCH_USER_PATHS = NO;
				CLANG_CXX_LANGUAGE_STANDARD = "gnu++0x";
				CLANG_CXX_LIBRARY = "libc++";
				CLANG_ENABLE_MODULES = YES;
				CLANG_ENABLE_OBJC_ARC = YES;
				CLANG_WARN_BOOL_CONVERSION = YES;
				CLANG_WARN_CONSTANT_CONVERSION = YES;
				CLANG_WARN_DIRECT_OBJC_ISA_USAGE = YES_ERROR;
				CLANG_WARN_EMPTY_BODY = YES;
				CLANG_WARN_ENUM_CONVERSION = YES;
				CLANG_WARN_INT_CONVERSION = YES;
				CLANG_WARN_OBJC_ROOT_CLASS = YES_ERROR;
				CLANG_WARN_UNREACHABLE_CODE = YES;
				CLANG_WARN__DUPLICATE_METHOD_MATCH = YES;
				"CODE_SIGN_IDENTITY[sdk=iphoneos*]" = "iPhone Developer";
				COPY_PHASE_STRIP = NO;
				DEBUG_INFORMATION_FORMAT = "dwarf-with-dsym";
				ENABLE_NS_ASSERTIONS = NO;
				ENABLE_STRICT_OBJC_MSGSEND = YES;
				GCC_C_LANGUAGE_STANDARD = gnu99;
				GCC_NO_COMMON_BLOCKS = YES;
				GCC_WARN_64_TO_32_BIT_CONVERSION = YES;
				GCC_WARN_ABOUT_RETURN_TYPE = YES_ERROR;
				GCC_WARN_UNDECLARED_SELECTOR = YES;
				GCC_WARN_UNINITIALIZED_AUTOS = YES_AGGRESSIVE;
				GCC_WARN_UNUSED_FUNCTION = YES;
				GCC_WARN_UNUSED_VARIABLE = YES;
				IPHONEOS_DEPLOYMENT_TARGET = 9.2;
				MTL_ENABLE_DEBUG_INFO = NO;
				SDKROOT = iphoneos;
				TARGETED_DEVICE_FAMILY = "1,2";
				VALIDATE_PRODUCT = YES;
			};
			name = Release;
		};
		DC808D691C6490EA007AF0DD /* Debug */ = {
			isa = XCBuildConfiguration;
			buildSettings = {
				ASSETCATALOG_COMPILER_APPICON_NAME = AppIcon;
				INFOPLIST_FILE = tapperExtremeObjectiveC/Info.plist;
				LD_RUNPATH_SEARCH_PATHS = "$(inherited) @executable_path/Frameworks";
				PRODUCT_BUNDLE_IDENTIFIER = com.kersuzan.tapperExtremeObjectiveC;
				PRODUCT_NAME = "$(TARGET_NAME)";
			};
			name = Debug;
		};
		DC808D6A1C6490EA007AF0DD /* Release */ = {
			isa = XCBuildConfiguration;
			buildSettings = {
				ASSETCATALOG_COMPILER_APPICON_NAME = AppIcon;
				INFOPLIST_FILE = tapperExtremeObjectiveC/Info.plist;
				LD_RUNPATH_SEARCH_PATHS = "$(inherited) @executable_path/Frameworks";
				PRODUCT_BUNDLE_IDENTIFIER = com.kersuzan.tapperExtremeObjectiveC;
				PRODUCT_NAME = "$(TARGET_NAME)";
			};
			name = Release;
		};
/* End XCBuildConfiguration section */

/* Begin XCConfigurationList section */
		DC808D4C1C6490EA007AF0DD /* Build configuration list for PBXProject "tapperExtremeObjectiveC" */ = {
			isa = XCConfigurationList;
			buildConfigurations = (
				DC808D661C6490EA007AF0DD /* Debug */,
				DC808D671C6490EA007AF0DD /* Release */,
			);
			defaultConfigurationIsVisible = 0;
			defaultConfigurationName = Release;
		};
		DC808D681C6490EA007AF0DD /* Build configuration list for PBXNativeTarget "tapperExtremeObjectiveC" */ = {
			isa = XCConfigurationList;
			buildConfigurations = (
				DC808D691C6490EA007AF0DD /* Debug */,
				DC808D6A1C6490EA007AF0DD /* Release */,
			);
			defaultConfigurationIsVisible = 0;
		};
/* End XCConfigurationList section */
	};
	rootObject = DC808D491C6490EA007AF0DD /* Project object */;
}
